
Microsoft Visual Studio Solution File, Format Version 12.00
# Visual Studio Version 16
VisualStudioVersion = 16.0.30223.230
MinimumVisualStudioVersion = 10.0.40219.1
Project("{FAE04EC0-301F-11D3-BF4B-00C04F79EFBC}") = "LoLAutoClick", "LoLAutoClick\LoLAutoClick.csproj", "{79467732-19CA-4CBB-AA96-DAA3B699C7F2}"
EndProject
Global
	GlobalSection(SolutionConfigurationPlatforms) = preSolution
		Debug|Any CPU = Debug|Any CPU
		Release|Any CPU = Release|Any CPU
	EndGlobalSection
	GlobalSection(ProjectConfigurationPlatforms) = postSolution
		{79467732-19CA-4CBB-AA96-DAA3B699C7F2}.Debug|Any CPU.ActiveCfg = Debug|Any CPU
		{79467732-19CA-4CBB-AA96-DAA3B699C7F2}.Debug|Any CPU.Build.0 = Debug|Any CPU
		{79467732-19CA-4CBB-AA96-DAA3B699C7F2}.Release|Any CPU.ActiveCfg = Release|Any CPU
		{79467732-19CA-4CBB-AA96-DAA3B699C7F2}.Release|Any CPU.Build.0 = Release|Any CPU
	EndGlobalSection
	GlobalSection(SolutionProperties) = preSolution
		HideSolutionNode = FALSE
	EndGlobalSection
	GlobalSection(ExtensibilityGlobals) = postSolution
		SolutionGuid = {A0DFF521-417B-49D4-B2A3-B1452C18A15B}
	EndGlobalSection
EndGlobal
